
Microsoft Visual Studio Solution File, Format Version 12.00
# Visual Studio Version 17
VisualStudioVersion = 17.5.002.0
MinimumVisualStudioVersion = 10.0.40219.1
Project("{9A19103F-16F7-4668-BE54-9A1E7A4F7556}") = "TaskManagement", "TaskManagement.csproj", "{E708FF33-4BE1-4D25-9394-09A6DFAB6B31}"
EndProject
Global
	GlobalSection(SolutionConfigurationPlatforms) = preSolution
		Debug|Any CPU = Debug|Any CPU
		Release|Any CPU = Release|Any CPU
	EndGlobalSection
	GlobalSection(ProjectConfigurationPlatforms) = postSolution
		{E708FF33-4BE1-4D25-9394-09A6DFAB6B31}.Debug|Any CPU.ActiveCfg = Debug|Any CPU
		{E708FF33-4BE1-4D25-9394-09A6DFAB6B31}.Debug|Any CPU.Build.0 = Debug|Any CPU
		{E708FF33-4BE1-4D25-9394-09A6DFAB6B31}.Release|Any CPU.ActiveCfg = Release|Any CPU
		{E708FF33-4BE1-4D25-9394-09A6DFAB6B31}.Release|Any CPU.Build.0 = Release|Any CPU
	EndGlobalSection
	GlobalSection(SolutionProperties) = preSolution
		HideSolutionNode = FALSE
	EndGlobalSection
	GlobalSection(ExtensibilityGlobals) = postSolution
		SolutionGuid = {C5298B65-27E5-40B1-AC13-EBE7A8EDDA4C}
	EndGlobalSection
EndGlobal
